// !$*UTF8*$!
{
	archiveVersion = 1;
	classes = {
	};
	objectVersion = 50;
	objects = {

/* Begin PBXGroup section */
		CC6F7D3223B3D9E40002D256 = {
			isa = PBXGroup;
			children = (
			);
			sourceTree = "<group>";
		};
/* End PBXGroup section */

/* Begin PBXProject section */
		CC6F7D3323B3D9E40002D256 /* Project object */ = {
			isa = PBXProject;
			attributes = {
				LastUpgradeCheck = 1130;
			};
			buildConfigurationList = CC6F7D3623B3D9E40002D256 /* Build configuration list for PBXProject "NarouFetcher" */;
			compatibilityVersion = "Xcode 9.3";
			developmentRegion = en;
			hasScannedForEncodings = 0;
			knownRegions = (
				en,
				Base,
			);
			mainGroup = CC6F7D3223B3D9E40002D256;
			projectDirPath = "";
			projectRoot = "";
			targets = (
			);
		};
/* End PBXProject section */

/* Begin XCBuildConfiguration section */
		CC6F7D3723B3D9E40002D256 /* Debug */ = {
			isa = XCBuildConfiguration;
			buildSettings = {
			};
			name = Debug;
		};
		CC6F7D3823B3D9E40002D256 /* Release */ = {
			isa = XCBuildConfiguration;
			buildSettings = {
			};
			name = Release;
		};
/* End XCBuildConfiguration section */

/* Begin XCConfigurationList section */
		CC6F7D3623B3D9E40002D256 /* Build configuration list for PBXProject "NarouFetcher" */ = {
			isa = XCConfigurationList;
			buildConfigurations = (
				CC6F7D3723B3D9E40002D256 /* Debug */,
				CC6F7D3823B3D9E40002D256 /* Release */,
			);
			defaultConfigurationIsVisible = 0;
			defaultConfigurationName = Release;
		};
/* End XCConfigurationList section */
	};
	rootObject = CC6F7D3323B3D9E40002D256 /* Project object */;
}
